
Microsoft Visual Studio Solution File, Format Version 12.00
# Visual Studio 15
VisualStudioVersion = 15.0.28307.902
MinimumVisualStudioVersion = 10.0.40219.1
Project("{9A19103F-16F7-4668-BE54-9A1E7A4F7556}") = "Site", "Site\Site.csproj", "{0492BEAB-1376-4686-9F0E-B7C85F8D5EDF}"
EndProject
Project("{9A19103F-16F7-4668-BE54-9A1E7A4F7556}") = "ApiCommunication", "ApiCommunication\ApiCommunication.csproj", "{8BCFB26A-19B3-4F35-971D-301440960370}"
EndProject
Project("{9A19103F-16F7-4668-BE54-9A1E7A4F7556}") = "Domain", "Domain\Domain.csproj", "{27709422-97E9-453E-9718-23CCA07866A8}"
EndProject
Project("{2150E333-8FDC-42A3-9474-1A3956D46DE8}") = "0 - Presentation", "0 - Presentation", "{E9F8DC0A-D5D9-4688-ACD3-FF556692B993}"
EndProject
Project("{2150E333-8FDC-42A3-9474-1A3956D46DE8}") = "1 - Application", "1 - Application", "{DF944431-D1ED-4AC9-BCDD-C9248DC6DE35}"
EndProject
Project("{2150E333-8FDC-42A3-9474-1A3956D46DE8}") = "2 - Domain", "2 - Domain", "{BAD945D4-FC8A-43C6-9D52-064E94467C29}"
EndProject
Project("{2150E333-8FDC-42A3-9474-1A3956D46DE8}") = "3 - WebApi", "3 - WebApi", "{BA81C791-499D-4708-B5A9-7E750D690F2B}"
EndProject
Project("{9A19103F-16F7-4668-BE54-9A1E7A4F7556}") = "Application", "Application\Application.csproj", "{5E9886BB-234D-4043-99A1-87C6960F4EF4}"
EndProject
Global
	GlobalSection(SolutionConfigurationPlatforms) = preSolution
		Debug|Any CPU = Debug|Any CPU
		Release|Any CPU = Release|Any CPU
	EndGlobalSection
	GlobalSection(ProjectConfigurationPlatforms) = postSolution
		{0492BEAB-1376-4686-9F0E-B7C85F8D5EDF}.Debug|Any CPU.ActiveCfg = Debug|Any CPU
		{0492BEAB-1376-4686-9F0E-B7C85F8D5EDF}.Debug|Any CPU.Build.0 = Debug|Any CPU
		{0492BEAB-1376-4686-9F0E-B7C85F8D5EDF}.Release|Any CPU.ActiveCfg = Release|Any CPU
		{0492BEAB-1376-4686-9F0E-B7C85F8D5EDF}.Release|Any CPU.Build.0 = Release|Any CPU
		{8BCFB26A-19B3-4F35-971D-301440960370}.Debug|Any CPU.ActiveCfg = Debug|Any CPU
		{8BCFB26A-19B3-4F35-971D-301440960370}.Debug|Any CPU.Build.0 = Debug|Any CPU
		{8BCFB26A-19B3-4F35-971D-301440960370}.Release|Any CPU.ActiveCfg = Release|Any CPU
		{8BCFB26A-19B3-4F35-971D-301440960370}.Release|Any CPU.Build.0 = Release|Any CPU
		{27709422-97E9-453E-9718-23CCA07866A8}.Debug|Any CPU.ActiveCfg = Debug|Any CPU
		{27709422-97E9-453E-9718-23CCA07866A8}.Debug|Any CPU.Build.0 = Debug|Any CPU
		{27709422-97E9-453E-9718-23CCA07866A8}.Release|Any CPU.ActiveCfg = Release|Any CPU
		{27709422-97E9-453E-9718-23CCA07866A8}.Release|Any CPU.Build.0 = Release|Any CPU
		{5E9886BB-234D-4043-99A1-87C6960F4EF4}.Debug|Any CPU.ActiveCfg = Debug|Any CPU
		{5E9886BB-234D-4043-99A1-87C6960F4EF4}.Debug|Any CPU.Build.0 = Debug|Any CPU
		{5E9886BB-234D-4043-99A1-87C6960F4EF4}.Release|Any CPU.ActiveCfg = Release|Any CPU
		{5E9886BB-234D-4043-99A1-87C6960F4EF4}.Release|Any CPU.Build.0 = Release|Any CPU
	EndGlobalSection
	GlobalSection(SolutionProperties) = preSolution
		HideSolutionNode = FALSE
	EndGlobalSection
	GlobalSection(NestedProjects) = preSolution
		{0492BEAB-1376-4686-9F0E-B7C85F8D5EDF} = {E9F8DC0A-D5D9-4688-ACD3-FF556692B993}
		{8BCFB26A-19B3-4F35-971D-301440960370} = {BA81C791-499D-4708-B5A9-7E750D690F2B}
		{27709422-97E9-453E-9718-23CCA07866A8} = {BAD945D4-FC8A-43C6-9D52-064E94467C29}
		{5E9886BB-234D-4043-99A1-87C6960F4EF4} = {DF944431-D1ED-4AC9-BCDD-C9248DC6DE35}
	EndGlobalSection
	GlobalSection(ExtensibilityGlobals) = postSolution
		SolutionGuid = {9BDCC640-CF75-4B9E-BEA1-01F54A902C27}
	EndGlobalSection
EndGlobal
